// !$*UTF8*$!
{
	archiveVersion = 1;
	classes = {
	};
	objectVersion = 46;
	objects = {

/* Begin PBXBuildFile section */
		BDF627511BCCAD38001C6768 /* AppDelegate.swift in Sources */ = {isa = PBXBuildFile; fileRef = BDF627501BCCAD38001C6768 /* AppDelegate.swift */; };
		BDF627531BCCAD38001C6768 /* ViewController.swift in Sources */ = {isa = PBXBuildFile; fileRef = BDF627521BCCAD38001C6768 /* ViewController.swift */; };
		BDF627561BCCAD38001C6768 /* Main.storyboard in Resources */ = {isa = PBXBuildFile; fileRef = BDF627541BCCAD38001C6768 /* Main.storyboard */; };
		BDF627581BCCAD38001C6768 /* Assets.xcassets in Resources */ = {isa = PBXBuildFile; fileRef = BDF627571BCCAD38001C6768 /* Assets.xcassets */; };
		BDF6275B1BCCAD38001C6768 /* LaunchScreen.storyboard in Resources */ = {isa = PBXBuildFile; fileRef = BDF627591BCCAD38001C6768 /* LaunchScreen.storyboard */; };
/* End PBXBuildFile section */

/* Begin PBXFileReference section */
		BDF6274D1BCCAD38001C6768 /* Is It Prime.app */ = {isa = PBXFileReference; explicitFileType = wrapper.application; includeInIndex = 0; path = "Is It Prime.app"; sourceTree = BUILT_PRODUCTS_DIR; };
		BDF627501BCCAD38001C6768 /* AppDelegate.swift */ = {isa = PBXFileReference; lastKnownFileType = sourcecode.swift; path = AppDelegate.swift; sourceTree = "<group>"; };
		BDF627521BCCAD38001C6768 /* ViewController.swift */ = {isa = PBXFileReference; lastKnownFileType = sourcecode.swift; path = ViewController.swift; sourceTree = "<group>"; };
		BDF627551BCCAD38001C6768 /* Base */ = {isa = PBXFileReference; lastKnownFileType = file.storyboard; name = Base; path = Base.lproj/Main.storyboard; sourceTree = "<group>"; };
		BDF627571BCCAD38001C6768 /* Assets.xcassets */ = {isa = PBXFileReference; lastKnownFileType = folder.assetcatalog; path = Assets.xcassets; sourceTree = "<group>"; };
		BDF6275A1BCCAD38001C6768 /* Base */ = {isa = PBXFileReference; lastKnownFileType = file.storyboard; name = Base; path = Base.lproj/LaunchScreen.storyboard; sourceTree = "<group>"; };
		BDF6275C1BCCAD38001C6768 /* Info.plist */ = {isa = PBXFileReference; lastKnownFileType = text.plist.xml; path = Info.plist; sourceTree = "<group>"; };
/* End PBXFileReference section */

/* Begin PBXFrameworksBuildPhase section */
		BDF6274A1BCCAD38001C6768 /* Frameworks */ = {
			isa = PBXFrameworksBuildPhase;
			buildActionMask = 2147483647;
			files = (
			);
			runOnlyForDeploymentPostprocessing = 0;
		};
/* End PBXFrameworksBuildPhase section */

/* Begin PBXGroup section */
		BDF627441BCCAD38001C6768 = {
			isa = PBXGroup;
			children = (
				BDF6274F1BCCAD38001C6768 /* Is It Prime */,
				BDF6274E1BCCAD38001C6768 /* Products */,
			);
			sourceTree = "<group>";
		};
		BDF6274E1BCCAD38001C6768 /* Products */ = {
			isa = PBXGroup;
			children = (
				BDF6274D1BCCAD38001C6768 /* Is It Prime.app */,
			);
			name = Products;
			sourceTree = "<group>";
		};
		BDF6274F1BCCAD38001C6768 /* Is It Prime */ = {
			isa = PBXGroup;
			children = (
				BDF627501BCCAD38001C6768 /* AppDelegate.swift */,
				BDF627521BCCAD38001C6768 /* ViewController.swift */,
				BDF627541BCCAD38001C6768 /* Main.storyboard */,
				BDF627571BCCAD38001C6768 /* Assets.xcassets */,
				BDF627591BCCAD38001C6768 /* LaunchScreen.storyboard */,
				BDF6275C1BCCAD38001C6768 /* Info.plist */,
			);
			path = "Is It Prime";
			sourceTree = "<group>";
		};
/* End PBXGroup section */

/* Begin PBXNativeTarget section */
		BDF6274C1BCCAD38001C6768 /* Is It Prime */ = {
			isa = PBXNativeTarget;
			buildConfigurationList = BDF6275F1BCCAD38001C6768 /* Build configuration list for PBXNativeTarget "Is It Prime" */;
			buildPhases = (
				BDF627491BCCAD38001C6768 /* Sources */,
				BDF6274A1BCCAD38001C6768 /* Frameworks */,
				BDF6274B1BCCAD38001C6768 /* Resources */,
			);
			buildRules = (
			);
			dependencies = (
			);
			name = "Is It Prime";
			productName = "Is It Prime";
			productReference = BDF6274D1BCCAD38001C6768 /* Is It Prime.app */;
			productType = "com.apple.product-type.application";
		};
/* End PBXNativeTarget section */

/* Begin PBXProject section */
		BDF627451BCCAD38001C6768 /* Project object */ = {
			isa = PBXProject;
			attributes = {
				LastUpgradeCheck = 0700;
				ORGANIZATIONNAME = Digimark;
				TargetAttributes = {
					BDF6274C1BCCAD38001C6768 = {
						CreatedOnToolsVersion = 7.0.1;
					};
				};
			};
			buildConfigurationList = BDF627481BCCAD38001C6768 /* Build configuration list for PBXProject "Is It Prime" */;
			compatibilityVersion = "Xcode 3.2";
			developmentRegion = English;
			hasScannedForEncodings = 0;
			knownRegions = (
				en,
				Base,
			);
			mainGroup = BDF627441BCCAD38001C6768;
			productRefGroup = BDF6274E1BCCAD38001C6768 /* Products */;
			projectDirPath = "";
			projectRoot = "";
			targets = (
				BDF6274C1BCCAD38001C6768 /* Is It Prime */,
			);
		};
/* End PBXProject section */

/* Begin PBXResourcesBuildPhase section */
		BDF6274B1BCCAD38001C6768 /* Resources */ = {
			isa = PBXResourcesBuildPhase;
			buildActionMask = 2147483647;
			files = (
				BDF6275B1BCCAD38001C6768 /* LaunchScreen.storyboard in Resources */,
				BDF627581BCCAD38001C6768 /* Assets.xcassets in Resources */,
				BDF627561BCCAD38001C6768 /* Main.storyboard in Resources */,
			);
			runOnlyForDeploymentPostprocessing = 0;
		};
/* End PBXResourcesBuildPhase section */

/* Begin PBXSourcesBuildPhase section */
		BDF627491BCCAD38001C6768 /* Sources */ = {
			isa = PBXSourcesBuildPhase;
			buildActionMask = 2147483647;
			files = (
				BDF627531BCCAD38001C6768 /* ViewController.swift in Sources */,
				BDF627511BCCAD38001C6768 /* AppDelegate.swift in Sources */,
			);
			runOnlyForDeploymentPostprocessing = 0;
		};
/* End PBXSourcesBuildPhase section */

/* Begin PBXVariantGroup section */
		BDF627541BCCAD38001C6768 /* Main.storyboard */ = {
			isa = PBXVariantGroup;
			children = (
				BDF627551BCCAD38001C6768 /* Base */,
			);
			name = Main.storyboard;
			sourceTree = "<group>";
		};
		BDF627591BCCAD38001C6768 /* LaunchScreen.storyboard */ = {
			isa = PBXVariantGroup;
			children = (
				BDF6275A1BCCAD38001C6768 /* Base */,
			);
			name = LaunchScreen.storyboard;
			sourceTree = "<group>";
		};
/* End PBXVariantGroup section */

/* Begin XCBuildConfiguration section */
		BDF6275D1BCCAD38001C6768 /* Debug */ = {
			isa = XCBuildConfiguration;
			buildSettings = {
				ALWAYS_SEARCH_USER_PATHS = NO;
				CLANG_CXX_LANGUAGE_STANDARD = "gnu++0x";
				CLANG_CXX_LIBRARY = "libc++";
				CLANG_ENABLE_MODULES = YES;
				CLANG_ENABLE_OBJC_ARC = YES;
				CLANG_WARN_BOOL_CONVERSION = YES;
				CLANG_WARN_CONSTANT_CONVERSION = YES;
				CLANG_WARN_DIRECT_OBJC_ISA_USAGE = YES_ERROR;
				CLANG_WARN_EMPTY_BODY = YES;
				CLANG_WARN_ENUM_CONVERSION = YES;
				CLANG_WARN_INT_CONVERSION = YES;
				CLANG_WARN_OBJC_ROOT_CLASS = YES_ERROR;
				CLANG_WARN_UNREACHABLE_CODE = YES;
				CLANG_WARN__DUPLICATE_METHOD_MATCH = YES;
				"CODE_SIGN_IDENTITY[sdk=iphoneos*]" = "iPhone Developer";
				COPY_PHASE_STRIP = NO;
				DEBUG_INFORMATION_FORMAT = dwarf;
				ENABLE_STRICT_OBJC_MSGSEND = YES;
				ENABLE_TESTABILITY = YES;
				GCC_C_LANGUAGE_STANDARD = gnu99;
				GCC_DYNAMIC_NO_PIC = NO;
				GCC_NO_COMMON_BLOCKS = YES;
				GCC_OPTIMIZATION_LEVEL = 0;
				GCC_PREPROCESSOR_DEFINITIONS = (
					"DEBUG=1",
					"$(inherited)",
				);
				GCC_WARN_64_TO_32_BIT_CONVERSION = YES;
				GCC_WARN_ABOUT_RETURN_TYPE = YES_ERROR;
				GCC_WARN_UNDECLARED_SELECTOR = YES;
				GCC_WARN_UNINITIALIZED_AUTOS = YES_AGGRESSIVE;
				GCC_WARN_UNUSED_FUNCTION = YES;
				GCC_WARN_UNUSED_VARIABLE = YES;
				IPHONEOS_DEPLOYMENT_TARGET = 9.0;
				MTL_ENABLE_DEBUG_INFO = YES;
				ONLY_ACTIVE_ARCH = YES;
				SDKROOT = iphoneos;
				SWIFT_OPTIMIZATION_LEVEL = "-Onone";
			};
			name = Debug;
		};
		BDF6275E1BCCAD38001C6768 /* Release */ = {
			isa = XCBuildConfiguration;
			buildSettings = {
				ALWAYS_SEARCH_USER_PATHS = NO;
				CLANG_CXX_LANGUAGE_STANDARD = "gnu++0x";
				CLANG_CXX_LIBRARY = "libc++";
				CLANG_ENABLE_MODULES = YES;
				CLANG_ENABLE_OBJC_ARC = YES;
				CLANG_WARN_BOOL_CONVERSION = YES;
				CLANG_WARN_CONSTANT_CONVERSION = YES;
				CLANG_WARN_DIRECT_OBJC_ISA_USAGE = YES_ERROR;
				CLANG_WARN_EMPTY_BODY = YES;
				CLANG_WARN_ENUM_CONVERSION = YES;
				CLANG_WARN_INT_CONVERSION = YES;
				CLANG_WARN_OBJC_ROOT_CLASS = YES_ERROR;
				CLANG_WARN_UNREACHABLE_CODE = YES;
				CLANG_WARN__DUPLICATE_METHOD_MATCH = YES;
				"CODE_SIGN_IDENTITY[sdk=iphoneos*]" = "iPhone Developer";
				COPY_PHASE_STRIP = NO;
				DEBUG_INFORMATION_FORMAT = "dwarf-with-dsym";
				ENABLE_NS_ASSERTIONS = NO;
				ENABLE_STRICT_OBJC_MSGSEND = YES;
				GCC_C_LANGUAGE_STANDARD = gnu99;
				GCC_NO_COMMON_BLOCKS = YES;
				GCC_WARN_64_TO_32_BIT_CONVERSION = YES;
				GCC_WARN_ABOUT_RETURN_TYPE = YES_ERROR;
				GCC_WARN_UNDECLARED_SELECTOR = YES;
				GCC_WARN_UNINITIALIZED_AUTOS = YES_AGGRESSIVE;
				GCC_WARN_UNUSED_FUNCTION = YES;
				GCC_WARN_UNUSED_VARIABLE = YES;
				IPHONEOS_DEPLOYMENT_TARGET = 9.0;
				MTL_ENABLE_DEBUG_INFO = NO;
				SDKROOT = iphoneos;
				VALIDATE_PRODUCT = YES;
			};
			name = Release;
		};
		BDF627601BCCAD38001C6768 /* Debug */ = {
			isa = XCBuildConfiguration;
			buildSettings = {
				ASSETCATALOG_COMPILER_APPICON_NAME = AppIcon;
				INFOPLIST_FILE = "Is It Prime/Info.plist";
				LD_RUNPATH_SEARCH_PATHS = "$(inherited) @executable_path/Frameworks";
				PRODUCT_BUNDLE_IDENTIFIER = "com.digimark.Is-It-Prime";
				PRODUCT_NAME = "$(TARGET_NAME)";
			};
			name = Debug;
		};
		BDF627611BCCAD38001C6768 /* Release */ = {
			isa = XCBuildConfiguration;
			buildSettings = {
				ASSETCATALOG_COMPILER_APPICON_NAME = AppIcon;
				INFOPLIST_FILE = "Is It Prime/Info.plist";
				LD_RUNPATH_SEARCH_PATHS = "$(inherited) @executable_path/Frameworks";
				PRODUCT_BUNDLE_IDENTIFIER = "com.digimark.Is-It-Prime";
				PRODUCT_NAME = "$(TARGET_NAME)";
			};
			name = Release;
		};
/* End XCBuildConfiguration section */

/* Begin XCConfigurationList section */
		BDF627481BCCAD38001C6768 /* Build configuration list for PBXProject "Is It Prime" */ = {
			isa = XCConfigurationList;
			buildConfigurations = (
				BDF6275D1BCCAD38001C6768 /* Debug */,
				BDF6275E1BCCAD38001C6768 /* Release */,
			);
			defaultConfigurationIsVisible = 0;
			defaultConfigurationName = Release;
		};
		BDF6275F1BCCAD38001C6768 /* Build configuration list for PBXNativeTarget "Is It Prime" */ = {
			isa = XCConfigurationList;
			buildConfigurations = (
				BDF627601BCCAD38001C6768 /* Debug */,
				BDF627611BCCAD38001C6768 /* Release */,
			);
			defaultConfigurationIsVisible = 0;
		};
/* End XCConfigurationList section */
	};
	rootObject = BDF627451BCCAD38001C6768 /* Project object */;
}
